// !$*UTF8*$!
{
	archiveVersion = 1;
	classes = {
	};
	objectVersion = 56;
	objects = {

/* Begin PBXBuildFile section */
		CA2AD1A52E5508E6001D63ED /* AppDelegate.swift in Sources */ = {isa = PBXBuildFile; fileRef = CA2AD1A42E5508E6001D63ED /* AppDelegate.swift */; };
		CA2AD1A72E5508E6001D63ED /* SceneDelegate.swift in Sources */ = {isa = PBXBuildFile; fileRef = CA2AD1A62E5508E6001D63ED /* SceneDelegate.swift */; };
		CA2AD1A92E5508E6001D63ED /* ViewController.swift in Sources */ = {isa = PBXBuildFile; fileRef = CA2AD1A82E5508E6001D63ED /* ViewController.swift */; };
		CA2AD1AC2E5508E6001D63ED /* Main.storyboard in Resources */ = {isa = PBXBuildFile; fileRef = CA2AD1AA2E5508E6001D63ED /* Main.storyboard */; };
		CA2AD1AF2E5508E6001D63ED /* Point2Go.xcdatamodeld in Sources */ = {isa = PBXBuildFile; fileRef = CA2AD1AD2E5508E6001D63ED /* Point2Go.xcdatamodeld */; };
		CA2AD1B12E5508E8001D63ED /* Assets.xcassets in Resources */ = {isa = PBXBuildFile; fileRef = CA2AD1B02E5508E8001D63ED /* Assets.xcassets */; };
		CA2AD1B42E5508E8001D63ED /* LaunchScreen.storyboard in Resources */ = {isa = PBXBuildFile; fileRef = CA2AD1B22E5508E8001D63ED /* LaunchScreen.storyboard */; };
		CA2AD1BC2E550AF8001D63ED /* MapTapHandler.swift in Sources */ = {isa = PBXBuildFile; fileRef = CA2AD1BB2E550AF8001D63ED /* MapTapHandler.swift */; };
		CA2AD1BE2E550B13001D63ED /* CoreDataService.swift in Sources */ = {isa = PBXBuildFile; fileRef = CA2AD1BD2E550B13001D63ED /* CoreDataService.swift */; };
		CA2AD1C02E550B2E001D63ED /* GeocodingService.swift in Sources */ = {isa = PBXBuildFile; fileRef = CA2AD1BF2E550B2E001D63ED /* GeocodingService.swift */; };
		CA2AD1C22E550B43001D63ED /* LocationManagerHandler.swift in Sources */ = {isa = PBXBuildFile; fileRef = CA2AD1C12E550B43001D63ED /* LocationManagerHandler.swift */; };
/* End PBXBuildFile section */

/* Begin PBXFileReference section */
		CA2AD1A12E5508E6001D63ED /* Point2Go.app */ = {isa = PBXFileReference; explicitFileType = wrapper.application; includeInIndex = 0; path = Point2Go.app; sourceTree = BUILT_PRODUCTS_DIR; };
		CA2AD1A42E5508E6001D63ED /* AppDelegate.swift */ = {isa = PBXFileReference; lastKnownFileType = sourcecode.swift; path = AppDelegate.swift; sourceTree = "<group>"; };
		CA2AD1A62E5508E6001D63ED /* SceneDelegate.swift */ = {isa = PBXFileReference; lastKnownFileType = sourcecode.swift; path = SceneDelegate.swift; sourceTree = "<group>"; };
		CA2AD1A82E5508E6001D63ED /* ViewController.swift */ = {isa = PBXFileReference; lastKnownFileType = sourcecode.swift; path = ViewController.swift; sourceTree = "<group>"; };
		CA2AD1AB2E5508E6001D63ED /* Base */ = {isa = PBXFileReference; lastKnownFileType = file.storyboard; name = Base; path = Base.lproj/Main.storyboard; sourceTree = "<group>"; };
		CA2AD1AE2E5508E6001D63ED /* Point2Go.xcdatamodel */ = {isa = PBXFileReference; lastKnownFileType = wrapper.xcdatamodel; path = Point2Go.xcdatamodel; sourceTree = "<group>"; };
		CA2AD1B02E5508E8001D63ED /* Assets.xcassets */ = {isa = PBXFileReference; lastKnownFileType = folder.assetcatalog; path = Assets.xcassets; sourceTree = "<group>"; };
		CA2AD1B32E5508E8001D63ED /* Base */ = {isa = PBXFileReference; lastKnownFileType = file.storyboard; name = Base; path = Base.lproj/LaunchScreen.storyboard; sourceTree = "<group>"; };
		CA2AD1B52E5508E8001D63ED /* Info.plist */ = {isa = PBXFileReference; lastKnownFileType = text.plist.xml; path = Info.plist; sourceTree = "<group>"; };
		CA2AD1BB2E550AF8001D63ED /* MapTapHandler.swift */ = {isa = PBXFileReference; lastKnownFileType = sourcecode.swift; path = MapTapHandler.swift; sourceTree = "<group>"; };
		CA2AD1BD2E550B13001D63ED /* CoreDataService.swift */ = {isa = PBXFileReference; lastKnownFileType = sourcecode.swift; path = CoreDataService.swift; sourceTree = "<group>"; };
		CA2AD1BF2E550B2E001D63ED /* GeocodingService.swift */ = {isa = PBXFileReference; lastKnownFileType = sourcecode.swift; path = GeocodingService.swift; sourceTree = "<group>"; };
		CA2AD1C12E550B43001D63ED /* LocationManagerHandler.swift */ = {isa = PBXFileReference; lastKnownFileType = sourcecode.swift; path = LocationManagerHandler.swift; sourceTree = "<group>"; };
/* End PBXFileReference section */

/* Begin PBXFrameworksBuildPhase section */
		CA2AD19E2E5508E5001D63ED /* Frameworks */ = {
			isa = PBXFrameworksBuildPhase;
			buildActionMask = 2147483647;
			files = (
			);
			runOnlyForDeploymentPostprocessing = 0;
		};
/* End PBXFrameworksBuildPhase section */

/* Begin PBXGroup section */
		CA2AD1982E5508E5001D63ED = {
			isa = PBXGroup;
			children = (
				CA2AD1A32E5508E6001D63ED /* Point2Go */,
				CA2AD1A22E5508E6001D63ED /* Products */,
			);
			sourceTree = "<group>";
		};
		CA2AD1A22E5508E6001D63ED /* Products */ = {
			isa = PBXGroup;
			children = (
				CA2AD1A12E5508E6001D63ED /* Point2Go.app */,
			);
			name = Products;
			sourceTree = "<group>";
		};
		CA2AD1A32E5508E6001D63ED /* Point2Go */ = {
			isa = PBXGroup;
			children = (
				CA2AD1A42E5508E6001D63ED /* AppDelegate.swift */,
				CA2AD1A62E5508E6001D63ED /* SceneDelegate.swift */,
				CA2AD1A82E5508E6001D63ED /* ViewController.swift */,
				CA2AD1AA2E5508E6001D63ED /* Main.storyboard */,
				CA2AD1BB2E550AF8001D63ED /* MapTapHandler.swift */,
				CA2AD1BD2E550B13001D63ED /* CoreDataService.swift */,
				CA2AD1BF2E550B2E001D63ED /* GeocodingService.swift */,
				CA2AD1C12E550B43001D63ED /* LocationManagerHandler.swift */,
				CA2AD1B02E5508E8001D63ED /* Assets.xcassets */,
				CA2AD1B22E5508E8001D63ED /* LaunchScreen.storyboard */,
				CA2AD1B52E5508E8001D63ED /* Info.plist */,
				CA2AD1AD2E5508E6001D63ED /* Point2Go.xcdatamodeld */,
			);
			path = Point2Go;
			sourceTree = "<group>";
		};
/* End PBXGroup section */

/* Begin PBXNativeTarget section */
		CA2AD1A02E5508E5001D63ED /* Point2Go */ = {
			isa = PBXNativeTarget;
			buildConfigurationList = CA2AD1B82E5508E8001D63ED /* Build configuration list for PBXNativeTarget "Point2Go" */;
			buildPhases = (
				CA2AD19D2E5508E5001D63ED /* Sources */,
				CA2AD19E2E5508E5001D63ED /* Frameworks */,
				CA2AD19F2E5508E5001D63ED /* Resources */,
			);
			buildRules = (
			);
			dependencies = (
			);
			name = Point2Go;
			productName = Point2Go;
			productReference = CA2AD1A12E5508E6001D63ED /* Point2Go.app */;
			productType = "com.apple.product-type.application";
		};
/* End PBXNativeTarget section */

/* Begin PBXProject section */
		CA2AD1992E5508E5001D63ED /* Project object */ = {
			isa = PBXProject;
			attributes = {
				BuildIndependentTargetsInParallel = 1;
				LastSwiftUpdateCheck = 1420;
				LastUpgradeCheck = 1420;
				TargetAttributes = {
					CA2AD1A02E5508E5001D63ED = {
						CreatedOnToolsVersion = 14.2;
					};
				};
			};
			buildConfigurationList = CA2AD19C2E5508E5001D63ED /* Build configuration list for PBXProject "Point2Go" */;
			compatibilityVersion = "Xcode 14.0";
			developmentRegion = en;
			hasScannedForEncodings = 0;
			knownRegions = (
				en,
				Base,
			);
			mainGroup = CA2AD1982E5508E5001D63ED;
			productRefGroup = CA2AD1A22E5508E6001D63ED /* Products */;
			projectDirPath = "";
			projectRoot = "";
			targets = (
				CA2AD1A02E5508E5001D63ED /* Point2Go */,
			);
		};
/* End PBXProject section */

/* Begin PBXResourcesBuildPhase section */
		CA2AD19F2E5508E5001D63ED /* Resources */ = {
			isa = PBXResourcesBuildPhase;
			buildActionMask = 2147483647;
			files = (
				CA2AD1B42E5508E8001D63ED /* LaunchScreen.storyboard in Resources */,
				CA2AD1B12E5508E8001D63ED /* Assets.xcassets in Resources */,
				CA2AD1AC2E5508E6001D63ED /* Main.storyboard in Resources */,
			);
			runOnlyForDeploymentPostprocessing = 0;
		};
/* End PBXResourcesBuildPhase section */

/* Begin PBXSourcesBuildPhase section */
		CA2AD19D2E5508E5001D63ED /* Sources */ = {
			isa = PBXSourcesBuildPhase;
			buildActionMask = 2147483647;
			files = (
				CA2AD1A92E5508E6001D63ED /* ViewController.swift in Sources */,
				CA2AD1C22E550B43001D63ED /* LocationManagerHandler.swift in Sources */,
				CA2AD1A52E5508E6001D63ED /* AppDelegate.swift in Sources */,
				CA2AD1A72E5508E6001D63ED /* SceneDelegate.swift in Sources */,
				CA2AD1C02E550B2E001D63ED /* GeocodingService.swift in Sources */,
				CA2AD1BC2E550AF8001D63ED /* MapTapHandler.swift in Sources */,
				CA2AD1BE2E550B13001D63ED /* CoreDataService.swift in Sources */,
				CA2AD1AF2E5508E6001D63ED /* Point2Go.xcdatamodeld in Sources */,
			);
			runOnlyForDeploymentPostprocessing = 0;
		};
/* End PBXSourcesBuildPhase section */

/* Begin PBXVariantGroup section */
		CA2AD1AA2E5508E6001D63ED /* Main.storyboard */ = {
			isa = PBXVariantGroup;
			children = (
				CA2AD1AB2E5508E6001D63ED /* Base */,
			);
			name = Main.storyboard;
			sourceTree = "<group>";
		};
		CA2AD1B22E5508E8001D63ED /* LaunchScreen.storyboard */ = {
			isa = PBXVariantGroup;
			children = (
				CA2AD1B32E5508E8001D63ED /* Base */,
			);
			name = LaunchScreen.storyboard;
			sourceTree = "<group>";
		};
/* End PBXVariantGroup section */

/* Begin XCBuildConfiguration section */
		CA2AD1B62E5508E8001D63ED /* Debug */ = {
			isa = XCBuildConfiguration;
			buildSettings = {
				ALWAYS_SEARCH_USER_PATHS = NO;
				CLANG_ANALYZER_NONNULL = YES;
				CLANG_ANALYZER_NUMBER_OBJECT_CONVERSION = YES_AGGRESSIVE;
				CLANG_CXX_LANGUAGE_STANDARD = "gnu++20";
				CLANG_ENABLE_MODULES = YES;
				CLANG_ENABLE_OBJC_ARC = YES;
				CLANG_ENABLE_OBJC_WEAK = YES;
				CLANG_WARN_BLOCK_CAPTURE_AUTORELEASING = YES;
				CLANG_WARN_BOOL_CONVERSION = YES;
				CLANG_WARN_COMMA = YES;
				CLANG_WARN_CONSTANT_CONVERSION = YES;
				CLANG_WARN_DEPRECATED_OBJC_IMPLEMENTATIONS = YES;
				CLANG_WARN_DIRECT_OBJC_ISA_USAGE = YES_ERROR;
				CLANG_WARN_DOCUMENTATION_COMMENTS = YES;
				CLANG_WARN_EMPTY_BODY = YES;
				CLANG_WARN_ENUM_CONVERSION = YES;
				CLANG_WARN_INFINITE_RECURSION = YES;
				CLANG_WARN_INT_CONVERSION = YES;
				CLANG_WARN_NON_LITERAL_NULL_CONVERSION = YES;
				CLANG_WARN_OBJC_IMPLICIT_RETAIN_SELF = YES;
				CLANG_WARN_OBJC_LITERAL_CONVERSION = YES;
				CLANG_WARN_OBJC_ROOT_CLASS = YES_ERROR;
				CLANG_WARN_QUOTED_INCLUDE_IN_FRAMEWORK_HEADER = YES;
				CLANG_WARN_RANGE_LOOP_ANALYSIS = YES;
				CLANG_WARN_STRICT_PROTOTYPES = YES;
				CLANG_WARN_SUSPICIOUS_MOVE = YES;
				CLANG_WARN_UNGUARDED_AVAILABILITY = YES_AGGRESSIVE;
				CLANG_WARN_UNREACHABLE_CODE = YES;
				CLANG_WARN__DUPLICATE_METHOD_MATCH = YES;
				COPY_PHASE_STRIP = NO;
				DEBUG_INFORMATION_FORMAT = dwarf;
				ENABLE_STRICT_OBJC_MSGSEND = YES;
				ENABLE_TESTABILITY = YES;
				GCC_C_LANGUAGE_STANDARD = gnu11;
				GCC_DYNAMIC_NO_PIC = NO;
				GCC_NO_COMMON_BLOCKS = YES;
				GCC_OPTIMIZATION_LEVEL = 0;
				GCC_PREPROCESSOR_DEFINITIONS = (
					"DEBUG=1",
					"$(inherited)",
				);
				GCC_WARN_64_TO_32_BIT_CONVERSION = YES;
				GCC_WARN_ABOUT_RETURN_TYPE = YES_ERROR;
				GCC_WARN_UNDECLARED_SELECTOR = YES;
				GCC_WARN_UNINITIALIZED_AUTOS = YES_AGGRESSIVE;
				GCC_WARN_UNUSED_FUNCTION = YES;
				GCC_WARN_UNUSED_VARIABLE = YES;
				IPHONEOS_DEPLOYMENT_TARGET = 16.2;
				MTL_ENABLE_DEBUG_INFO = INCLUDE_SOURCE;
				MTL_FAST_MATH = YES;
				ONLY_ACTIVE_ARCH = YES;
				SDKROOT = iphoneos;
				SWIFT_ACTIVE_COMPILATION_CONDITIONS = DEBUG;
				SWIFT_OPTIMIZATION_LEVEL = "-Onone";
			};
			name = Debug;
		};
		CA2AD1B72E5508E8001D63ED /* Release */ = {
			isa = XCBuildConfiguration;
			buildSettings = {
				ALWAYS_SEARCH_USER_PATHS = NO;
				CLANG_ANALYZER_NONNULL = YES;
				CLANG_ANALYZER_NUMBER_OBJECT_CONVERSION = YES_AGGRESSIVE;
				CLANG_CXX_LANGUAGE_STANDARD = "gnu++20";
				CLANG_ENABLE_MODULES = YES;
				CLANG_ENABLE_OBJC_ARC = YES;
				CLANG_ENABLE_OBJC_WEAK = YES;
				CLANG_WARN_BLOCK_CAPTURE_AUTORELEASING = YES;
				CLANG_WARN_BOOL_CONVERSION = YES;
				CLANG_WARN_COMMA = YES;
				CLANG_WARN_CONSTANT_CONVERSION = YES;
				CLANG_WARN_DEPRECATED_OBJC_IMPLEMENTATIONS = YES;
				CLANG_WARN_DIRECT_OBJC_ISA_USAGE = YES_ERROR;
				CLANG_WARN_DOCUMENTATION_COMMENTS = YES;
				CLANG_WARN_EMPTY_BODY = YES;
				CLANG_WARN_ENUM_CONVERSION = YES;
				CLANG_WARN_INFINITE_RECURSION = YES;
				CLANG_WARN_INT_CONVERSION = YES;
				CLANG_WARN_NON_LITERAL_NULL_CONVERSION = YES;
				CLANG_WARN_OBJC_IMPLICIT_RETAIN_SELF = YES;
				CLANG_WARN_OBJC_LITERAL_CONVERSION = YES;
				CLANG_WARN_OBJC_ROOT_CLASS = YES_ERROR;
				CLANG_WARN_QUOTED_INCLUDE_IN_FRAMEWORK_HEADER = YES;
				CLANG_WARN_RANGE_LOOP_ANALYSIS = YES;
				CLANG_WARN_STRICT_PROTOTYPES = YES;
				CLANG_WARN_SUSPICIOUS_MOVE = YES;
				CLANG_WARN_UNGUARDED_AVAILABILITY = YES_AGGRESSIVE;
				CLANG_WARN_UNREACHABLE_CODE = YES;
				CLANG_WARN__DUPLICATE_METHOD_MATCH = YES;
				COPY_PHASE_STRIP = NO;
				DEBUG_INFORMATION_FORMAT = "dwarf-with-dsym";
				ENABLE_NS_ASSERTIONS = NO;
				ENABLE_STRICT_OBJC_MSGSEND = YES;
				GCC_C_LANGUAGE_STANDARD = gnu11;
				GCC_NO_COMMON_BLOCKS = YES;
				GCC_WARN_64_TO_32_BIT_CONVERSION = YES;
				GCC_WARN_ABOUT_RETURN_TYPE = YES_ERROR;
				GCC_WARN_UNDECLARED_SELECTOR = YES;
				GCC_WARN_UNINITIALIZED_AUTOS = YES_AGGRESSIVE;
				GCC_WARN_UNUSED_FUNCTION = YES;
				GCC_WARN_UNUSED_VARIABLE = YES;
				IPHONEOS_DEPLOYMENT_TARGET = 16.2;
				MTL_ENABLE_DEBUG_INFO = NO;
				MTL_FAST_MATH = YES;
				SDKROOT = iphoneos;
				SWIFT_COMPILATION_MODE = wholemodule;
				SWIFT_OPTIMIZATION_LEVEL = "-O";
				VALIDATE_PRODUCT = YES;
			};
			name = Release;
		};
		CA2AD1B92E5508E8001D63ED /* Debug */ = {
			isa = XCBuildConfiguration;
			buildSettings = {
				ASSETCATALOG_COMPILER_APPICON_NAME = AppIcon;
				ASSETCATALOG_COMPILER_GLOBAL_ACCENT_COLOR_NAME = AccentColor;
				CODE_SIGN_STYLE = Automatic;
				CURRENT_PROJECT_VERSION = 1;
				GENERATE_INFOPLIST_FILE = YES;
				INFOPLIST_FILE = Point2Go/Info.plist;
				INFOPLIST_KEY_NSLocationWhenInUseUsageDescription = "";
				INFOPLIST_KEY_UIApplicationSupportsIndirectInputEvents = YES;
				INFOPLIST_KEY_UILaunchStoryboardName = LaunchScreen;
				INFOPLIST_KEY_UIMainStoryboardFile = Main;
				INFOPLIST_KEY_UISupportedInterfaceOrientations_iPad = "UIInterfaceOrientationPortrait UIInterfaceOrientationPortraitUpsideDown UIInterfaceOrientationLandscapeLeft UIInterfaceOrientationLandscapeRight";
				INFOPLIST_KEY_UISupportedInterfaceOrientations_iPhone = "UIInterfaceOrientationPortrait UIInterfaceOrientationLandscapeLeft UIInterfaceOrientationLandscapeRight";
				LD_RUNPATH_SEARCH_PATHS = (
					"$(inherited)",
					"@executable_path/Frameworks",
				);
				MARKETING_VERSION = 1.0;
				PRODUCT_BUNDLE_IDENTIFIER = com.agenor.Point2Go;
				PRODUCT_NAME = "$(TARGET_NAME)";
				SWIFT_EMIT_LOC_STRINGS = YES;
				SWIFT_VERSION = 5.0;
				TARGETED_DEVICE_FAMILY = "1,2";
			};
			name = Debug;
		};
		CA2AD1BA2E5508E8001D63ED /* Release */ = {
			isa = XCBuildConfiguration;
			buildSettings = {
				ASSETCATALOG_COMPILER_APPICON_NAME = AppIcon;
				ASSETCATALOG_COMPILER_GLOBAL_ACCENT_COLOR_NAME = AccentColor;
				CODE_SIGN_STYLE = Automatic;
				CURRENT_PROJECT_VERSION = 1;
				GENERATE_INFOPLIST_FILE = YES;
				INFOPLIST_FILE = Point2Go/Info.plist;
				INFOPLIST_KEY_NSLocationWhenInUseUsageDescription = "";
				INFOPLIST_KEY_UIApplicationSupportsIndirectInputEvents = YES;
				INFOPLIST_KEY_UILaunchStoryboardName = LaunchScreen;
				INFOPLIST_KEY_UIMainStoryboardFile = Main;
				INFOPLIST_KEY_UISupportedInterfaceOrientations_iPad = "UIInterfaceOrientationPortrait UIInterfaceOrientationPortraitUpsideDown UIInterfaceOrientationLandscapeLeft UIInterfaceOrientationLandscapeRight";
				INFOPLIST_KEY_UISupportedInterfaceOrientations_iPhone = "UIInterfaceOrientationPortrait UIInterfaceOrientationLandscapeLeft UIInterfaceOrientationLandscapeRight";
				LD_RUNPATH_SEARCH_PATHS = (
					"$(inherited)",
					"@executable_path/Frameworks",
				);
				MARKETING_VERSION = 1.0;
				PRODUCT_BUNDLE_IDENTIFIER = com.agenor.Point2Go;
				PRODUCT_NAME = "$(TARGET_NAME)";
				SWIFT_EMIT_LOC_STRINGS = YES;
				SWIFT_VERSION = 5.0;
				TARGETED_DEVICE_FAMILY = "1,2";
			};
			name = Release;
		};
/* End XCBuildConfiguration section */

/* Begin XCConfigurationList section */
		CA2AD19C2E5508E5001D63ED /* Build configuration list for PBXProject "Point2Go" */ = {
			isa = XCConfigurationList;
			buildConfigurations = (
				CA2AD1B62E5508E8001D63ED /* Debug */,
				CA2AD1B72E5508E8001D63ED /* Release */,
			);
			defaultConfigurationIsVisible = 0;
			defaultConfigurationName = Release;
		};
		CA2AD1B82E5508E8001D63ED /* Build configuration list for PBXNativeTarget "Point2Go" */ = {
			isa = XCConfigurationList;
			buildConfigurations = (
				CA2AD1B92E5508E8001D63ED /* Debug */,
				CA2AD1BA2E5508E8001D63ED /* Release */,
			);
			defaultConfigurationIsVisible = 0;
			defaultConfigurationName = Release;
		};
/* End XCConfigurationList section */

/* Begin XCVersionGroup section */
		CA2AD1AD2E5508E6001D63ED /* Point2Go.xcdatamodeld */ = {
			isa = XCVersionGroup;
			children = (
				CA2AD1AE2E5508E6001D63ED /* Point2Go.xcdatamodel */,
			);
			currentVersion = CA2AD1AE2E5508E6001D63ED /* Point2Go.xcdatamodel */;
			path = Point2Go.xcdatamodeld;
			sourceTree = "<group>";
			versionGroupType = wrapper.xcdatamodel;
		};
/* End XCVersionGroup section */
	};
	rootObject = CA2AD1992E5508E5001D63ED /* Project object */;
}
